{
  "name": "@codejamboree/web-request-queue",
  "version": "1.0.0",
  "lockfileVersion": 3,
  "requires": true,
  "packages": {
    "": {
      "name": "@codejamboree/web-request-queue",
      "version": "1.0.0",
      "license": "MIT",
      "devDependencies": {
        "why-is-node-running": "^3.2.0"
      }
    },
    "node_modules/why-is-node-running": {
      "version": "3.2.0",
      "resolved": "https://registry.npmjs.org/why-is-node-running/-/why-is-node-running-3.2.0.tgz",
      "integrity": "sha512-euOPfZRxdZBcD/vL0sH+NtuC/nDpdsZ/aeoq9w5sOcQtfkmhztf/JS76IiD0CJEULlSAPSMy/ZLejex5MsFCcw==",
      "dev": true,
      "license": "MIT",
      "bin": {
        "why-is-node-running": "cli.js"
      },
      "engines": {
        "node": ">=20.11"
      }
    }
  }
}
